// !$*UTF8*$!
{
	archiveVersion = 1;
	classes = {
	};
	objectVersion = 50;
	objects = {

/* Begin PBXBuildFile section */
		F71AC3A8273A97F0003DCDA7 /* AppDelegate.swift in Sources */ = {isa = PBXBuildFile; fileRef = F71AC3A7273A97F0003DCDA7 /* AppDelegate.swift */; };
		F71AC3AC273A97F0003DCDA7 /* ViewController.swift in Sources */ = {isa = PBXBuildFile; fileRef = F71AC3AB273A97F0003DCDA7 /* ViewController.swift */; };
		F71AC3AF273A97F0003DCDA7 /* Main.storyboard in Resources */ = {isa = PBXBuildFile; fileRef = F71AC3AD273A97F0003DCDA7 /* Main.storyboard */; };
		F71AC3B1273A97F1003DCDA7 /* Assets.xcassets in Resources */ = {isa = PBXBuildFile; fileRef = F71AC3B0273A97F1003DCDA7 /* Assets.xcassets */; };
		F71AC3B4273A97F1003DCDA7 /* LaunchScreen.storyboard in Resources */ = {isa = PBXBuildFile; fileRef = F71AC3B2273A97F1003DCDA7 /* LaunchScreen.storyboard */; };
		F71AC3BF273A97F1003DCDA7 /* AppleCodingTests.swift in Sources */ = {isa = PBXBuildFile; fileRef = F71AC3BE273A97F1003DCDA7 /* AppleCodingTests.swift */; };
		F71AC3CA273A97F1003DCDA7 /* AppleCodingUITests.swift in Sources */ = {isa = PBXBuildFile; fileRef = F71AC3C9273A97F1003DCDA7 /* AppleCodingUITests.swift */; };
		F749F1E2273AE803002A7125 /* Constants.swift in Sources */ = {isa = PBXBuildFile; fileRef = F749F1E1273AE803002A7125 /* Constants.swift */; };
		F749F1EA273AE819002A7125 /* Constants_Error.swift in Sources */ = {isa = PBXBuildFile; fileRef = F749F1E9273AE819002A7125 /* Constants_Error.swift */; };
		F749F1F2273AE860002A7125 /* BaseViewController.swift in Sources */ = {isa = PBXBuildFile; fileRef = F749F1F1273AE860002A7125 /* BaseViewController.swift */; };
/* End PBXBuildFile section */

/* Begin PBXContainerItemProxy section */
		F71AC3BB273A97F1003DCDA7 /* PBXContainerItemProxy */ = {
			isa = PBXContainerItemProxy;
			containerPortal = F71AC39C273A97F0003DCDA7 /* Project object */;
			proxyType = 1;
			remoteGlobalIDString = F71AC3A3273A97F0003DCDA7;
			remoteInfo = AppleCoding;
		};
		F71AC3C6273A97F1003DCDA7 /* PBXContainerItemProxy */ = {
			isa = PBXContainerItemProxy;
			containerPortal = F71AC39C273A97F0003DCDA7 /* Project object */;
			proxyType = 1;
			remoteGlobalIDString = F71AC3A3273A97F0003DCDA7;
			remoteInfo = AppleCoding;
		};
/* End PBXContainerItemProxy section */

/* Begin PBXFileReference section */
		F71AC3A4273A97F0003DCDA7 /* AppleCoding.app */ = {isa = PBXFileReference; explicitFileType = wrapper.application; includeInIndex = 0; path = AppleCoding.app; sourceTree = BUILT_PRODUCTS_DIR; };
		F71AC3A7273A97F0003DCDA7 /* AppDelegate.swift */ = {isa = PBXFileReference; lastKnownFileType = sourcecode.swift; path = AppDelegate.swift; sourceTree = "<group>"; };
		F71AC3AB273A97F0003DCDA7 /* ViewController.swift */ = {isa = PBXFileReference; lastKnownFileType = sourcecode.swift; path = ViewController.swift; sourceTree = "<group>"; };
		F71AC3AE273A97F0003DCDA7 /* Base */ = {isa = PBXFileReference; lastKnownFileType = file.storyboard; name = Base; path = Base.lproj/Main.storyboard; sourceTree = "<group>"; };
		F71AC3B0273A97F1003DCDA7 /* Assets.xcassets */ = {isa = PBXFileReference; lastKnownFileType = folder.assetcatalog; path = Assets.xcassets; sourceTree = "<group>"; };
		F71AC3B3273A97F1003DCDA7 /* Base */ = {isa = PBXFileReference; lastKnownFileType = file.storyboard; name = Base; path = Base.lproj/LaunchScreen.storyboard; sourceTree = "<group>"; };
		F71AC3B5273A97F1003DCDA7 /* Info.plist */ = {isa = PBXFileReference; lastKnownFileType = text.plist.xml; path = Info.plist; sourceTree = "<group>"; };
		F71AC3BA273A97F1003DCDA7 /* AppleCodingTests.xctest */ = {isa = PBXFileReference; explicitFileType = wrapper.cfbundle; includeInIndex = 0; path = AppleCodingTests.xctest; sourceTree = BUILT_PRODUCTS_DIR; };
		F71AC3BE273A97F1003DCDA7 /* AppleCodingTests.swift */ = {isa = PBXFileReference; lastKnownFileType = sourcecode.swift; path = AppleCodingTests.swift; sourceTree = "<group>"; };
		F71AC3C0273A97F1003DCDA7 /* Info.plist */ = {isa = PBXFileReference; lastKnownFileType = text.plist.xml; path = Info.plist; sourceTree = "<group>"; };
		F71AC3C5273A97F1003DCDA7 /* AppleCodingUITests.xctest */ = {isa = PBXFileReference; explicitFileType = wrapper.cfbundle; includeInIndex = 0; path = AppleCodingUITests.xctest; sourceTree = BUILT_PRODUCTS_DIR; };
		F71AC3C9273A97F1003DCDA7 /* AppleCodingUITests.swift */ = {isa = PBXFileReference; lastKnownFileType = sourcecode.swift; path = AppleCodingUITests.swift; sourceTree = "<group>"; };
		F71AC3CB273A97F1003DCDA7 /* Info.plist */ = {isa = PBXFileReference; lastKnownFileType = text.plist.xml; path = Info.plist; sourceTree = "<group>"; };
		F749F1E1273AE803002A7125 /* Constants.swift */ = {isa = PBXFileReference; lastKnownFileType = sourcecode.swift; path = Constants.swift; sourceTree = "<group>"; };
		F749F1E9273AE819002A7125 /* Constants_Error.swift */ = {isa = PBXFileReference; lastKnownFileType = sourcecode.swift; path = Constants_Error.swift; sourceTree = "<group>"; };
		F749F1F1273AE860002A7125 /* BaseViewController.swift */ = {isa = PBXFileReference; lastKnownFileType = sourcecode.swift; path = BaseViewController.swift; sourceTree = "<group>"; };
/* End PBXFileReference section */

/* Begin PBXFrameworksBuildPhase section */
		F71AC3A1273A97F0003DCDA7 /* Frameworks */ = {
			isa = PBXFrameworksBuildPhase;
			buildActionMask = 2147483647;
			files = (
			);
			runOnlyForDeploymentPostprocessing = 0;
		};
		F71AC3B7273A97F1003DCDA7 /* Frameworks */ = {
			isa = PBXFrameworksBuildPhase;
			buildActionMask = 2147483647;
			files = (
			);
			runOnlyForDeploymentPostprocessing = 0;
		};
		F71AC3C2273A97F1003DCDA7 /* Frameworks */ = {
			isa = PBXFrameworksBuildPhase;
			buildActionMask = 2147483647;
			files = (
			);
			runOnlyForDeploymentPostprocessing = 0;
		};
/* End PBXFrameworksBuildPhase section */

/* Begin PBXGroup section */
		F71AC39B273A97F0003DCDA7 = {
			isa = PBXGroup;
			children = (
				F71AC3A6273A97F0003DCDA7 /* AppleCoding */,
				F71AC3BD273A97F1003DCDA7 /* AppleCodingTests */,
				F71AC3C8273A97F1003DCDA7 /* AppleCodingUITests */,
				F71AC3A5273A97F0003DCDA7 /* Products */,
			);
			sourceTree = "<group>";
		};
		F71AC3A5273A97F0003DCDA7 /* Products */ = {
			isa = PBXGroup;
			children = (
				F71AC3A4273A97F0003DCDA7 /* AppleCoding.app */,
				F71AC3BA273A97F1003DCDA7 /* AppleCodingTests.xctest */,
				F71AC3C5273A97F1003DCDA7 /* AppleCodingUITests.xctest */,
			);
			name = Products;
			sourceTree = "<group>";
		};
		F71AC3A6273A97F0003DCDA7 /* AppleCoding */ = {
			isa = PBXGroup;
			children = (
				F749F1DA273AE77D002A7125 /* API */,
				F749F1DB273AE77D002A7125 /* App */,
				F749F1DC273AE77D002A7125 /* Components */,
				F749F1DD273AE77D002A7125 /* Constants */,
				F749F1D9273AE77D002A7125 /* Extensions */,
				F749F1FA273AEA58002A7125 /* Module */,
				F749F1DE273AE77D002A7125 /* Models */,
				F749F1DF273AE77D002A7125 /* Resources */,
				F749F1E0273AE77D002A7125 /* Storyboard */,
			);
			path = AppleCoding;
			sourceTree = "<group>";
		};
		F71AC3BD273A97F1003DCDA7 /* AppleCodingTests */ = {
			isa = PBXGroup;
			children = (
				F71AC3BE273A97F1003DCDA7 /* AppleCodingTests.swift */,
				F71AC3C0273A97F1003DCDA7 /* Info.plist */,
			);
			path = AppleCodingTests;
			sourceTree = "<group>";
		};
		F71AC3C8273A97F1003DCDA7 /* AppleCodingUITests */ = {
			isa = PBXGroup;
			children = (
				F71AC3C9273A97F1003DCDA7 /* AppleCodingUITests.swift */,
				F71AC3CB273A97F1003DCDA7 /* Info.plist */,
			);
			path = AppleCodingUITests;
			sourceTree = "<group>";
		};
		F749F1D9273AE77D002A7125 /* Extensions */ = {
			isa = PBXGroup;
			children = (
			);
			path = Extensions;
			sourceTree = "<group>";
		};
		F749F1DA273AE77D002A7125 /* API */ = {
			isa = PBXGroup;
			children = (
			);
			path = API;
			sourceTree = "<group>";
		};
		F749F1DB273AE77D002A7125 /* App */ = {
			isa = PBXGroup;
			children = (
				F71AC3A7273A97F0003DCDA7 /* AppDelegate.swift */,
				F71AC3B5273A97F1003DCDA7 /* Info.plist */,
			);
			path = App;
			sourceTree = "<group>";
		};
		F749F1DC273AE77D002A7125 /* Components */ = {
			isa = PBXGroup;
			children = (
				F749F1F1273AE860002A7125 /* BaseViewController.swift */,
			);
			path = Components;
			sourceTree = "<group>";
		};
		F749F1DD273AE77D002A7125 /* Constants */ = {
			isa = PBXGroup;
			children = (
				F749F1E1273AE803002A7125 /* Constants.swift */,
				F749F1E9273AE819002A7125 /* Constants_Error.swift */,
			);
			path = Constants;
			sourceTree = "<group>";
		};
		F749F1DE273AE77D002A7125 /* Models */ = {
			isa = PBXGroup;
			children = (
			);
			path = Models;
			sourceTree = "<group>";
		};
		F749F1DF273AE77D002A7125 /* Resources */ = {
			isa = PBXGroup;
			children = (
				F71AC3B0273A97F1003DCDA7 /* Assets.xcassets */,
			);
			path = Resources;
			sourceTree = "<group>";
		};
		F749F1E0273AE77D002A7125 /* Storyboard */ = {
			isa = PBXGroup;
			children = (
				F749F1F8273AE9C9002A7125 /* LaunchScreen */,
				F749F1F9273AE9C9002A7125 /* Main */,
				F749F1F7273AE91E002A7125 /* Home */,
				F749F1F6273AE91E002A7125 /* Login */,
			);
			path = Storyboard;
			sourceTree = "<group>";
		};
		F749F1F6273AE91E002A7125 /* Login */ = {
			isa = PBXGroup;
			children = (
			);
			path = Login;
			sourceTree = "<group>";
		};
		F749F1F7273AE91E002A7125 /* Home */ = {
			isa = PBXGroup;
			children = (
			);
			path = Home;
			sourceTree = "<group>";
		};
		F749F1F8273AE9C9002A7125 /* LaunchScreen */ = {
			isa = PBXGroup;
			children = (
				F71AC3B2273A97F1003DCDA7 /* LaunchScreen.storyboard */,
			);
			path = LaunchScreen;
			sourceTree = "<group>";
		};
		F749F1F9273AE9C9002A7125 /* Main */ = {
			isa = PBXGroup;
			children = (
				F71AC3AD273A97F0003DCDA7 /* Main.storyboard */,
			);
			path = Main;
			sourceTree = "<group>";
		};
		F749F1FA273AEA58002A7125 /* Module */ = {
			isa = PBXGroup;
			children = (
				F749F1FD273AEAB7002A7125 /* Main */,
			);
			path = Module;
			sourceTree = "<group>";
		};
		F749F1FD273AEAB7002A7125 /* Main */ = {
			isa = PBXGroup;
			children = (
				F749F204273AEBB5002A7125 /* Factory */,
				F749F202273AEBB5002A7125 /* Library */,
				F749F203273AEBB5002A7125 /* Model */,
				F749F205273AEBB5002A7125 /* ViewController */,
			);
			path = Main;
			sourceTree = "<group>";
		};
		F749F202273AEBB5002A7125 /* Library */ = {
			isa = PBXGroup;
			children = (
			);
			path = Library;
			sourceTree = "<group>";
		};
		F749F203273AEBB5002A7125 /* Model */ = {
			isa = PBXGroup;
			children = (
			);
			path = Model;
			sourceTree = "<group>";
		};
		F749F204273AEBB5002A7125 /* Factory */ = {
			isa = PBXGroup;
			children = (
			);
			path = Factory;
			sourceTree = "<group>";
		};
		F749F205273AEBB5002A7125 /* ViewController */ = {
			isa = PBXGroup;
			children = (
				F71AC3AB273A97F0003DCDA7 /* ViewController.swift */,
			);
			path = ViewController;
			sourceTree = "<group>";
		};
/* End PBXGroup section */

/* Begin PBXNativeTarget section */
		F71AC3A3273A97F0003DCDA7 /* AppleCoding */ = {
			isa = PBXNativeTarget;
			buildConfigurationList = F71AC3CE273A97F1003DCDA7 /* Build configuration list for PBXNativeTarget "AppleCoding" */;
			buildPhases = (
				F71AC3A0273A97F0003DCDA7 /* Sources */,
				F71AC3A1273A97F0003DCDA7 /* Frameworks */,
				F71AC3A2273A97F0003DCDA7 /* Resources */,
			);
			buildRules = (
			);
			dependencies = (
			);
			name = AppleCoding;
			productName = AppleCoding;
			productReference = F71AC3A4273A97F0003DCDA7 /* AppleCoding.app */;
			productType = "com.apple.product-type.application";
		};
		F71AC3B9273A97F1003DCDA7 /* AppleCodingTests */ = {
			isa = PBXNativeTarget;
			buildConfigurationList = F71AC3D1273A97F1003DCDA7 /* Build configuration list for PBXNativeTarget "AppleCodingTests" */;
			buildPhases = (
				F71AC3B6273A97F1003DCDA7 /* Sources */,
				F71AC3B7273A97F1003DCDA7 /* Frameworks */,
				F71AC3B8273A97F1003DCDA7 /* Resources */,
			);
			buildRules = (
			);
			dependencies = (
				F71AC3BC273A97F1003DCDA7 /* PBXTargetDependency */,
			);
			name = AppleCodingTests;
			productName = AppleCodingTests;
			productReference = F71AC3BA273A97F1003DCDA7 /* AppleCodingTests.xctest */;
			productType = "com.apple.product-type.bundle.unit-test";
		};
		F71AC3C4273A97F1003DCDA7 /* AppleCodingUITests */ = {
			isa = PBXNativeTarget;
			buildConfigurationList = F71AC3D4273A97F1003DCDA7 /* Build configuration list for PBXNativeTarget "AppleCodingUITests" */;
			buildPhases = (
				F71AC3C1273A97F1003DCDA7 /* Sources */,
				F71AC3C2273A97F1003DCDA7 /* Frameworks */,
				F71AC3C3273A97F1003DCDA7 /* Resources */,
			);
			buildRules = (
			);
			dependencies = (
				F71AC3C7273A97F1003DCDA7 /* PBXTargetDependency */,
			);
			name = AppleCodingUITests;
			productName = AppleCodingUITests;
			productReference = F71AC3C5273A97F1003DCDA7 /* AppleCodingUITests.xctest */;
			productType = "com.apple.product-type.bundle.ui-testing";
		};
/* End PBXNativeTarget section */

/* Begin PBXProject section */
		F71AC39C273A97F0003DCDA7 /* Project object */ = {
			isa = PBXProject;
			attributes = {
				LastSwiftUpdateCheck = 1230;
				LastUpgradeCheck = 1230;
				TargetAttributes = {
					F71AC3A3273A97F0003DCDA7 = {
						CreatedOnToolsVersion = 12.3;
					};
					F71AC3B9273A97F1003DCDA7 = {
						CreatedOnToolsVersion = 12.3;
						TestTargetID = F71AC3A3273A97F0003DCDA7;
					};
					F71AC3C4273A97F1003DCDA7 = {
						CreatedOnToolsVersion = 12.3;
						TestTargetID = F71AC3A3273A97F0003DCDA7;
					};
				};
			};
			buildConfigurationList = F71AC39F273A97F0003DCDA7 /* Build configuration list for PBXProject "AppleCoding" */;
			compatibilityVersion = "Xcode 9.3";
			developmentRegion = en;
			hasScannedForEncodings = 0;
			knownRegions = (
				en,
				Base,
			);
			mainGroup = F71AC39B273A97F0003DCDA7;
			productRefGroup = F71AC3A5273A97F0003DCDA7 /* Products */;
			projectDirPath = "";
			projectRoot = "";
			targets = (
				F71AC3A3273A97F0003DCDA7 /* AppleCoding */,
				F71AC3B9273A97F1003DCDA7 /* AppleCodingTests */,
				F71AC3C4273A97F1003DCDA7 /* AppleCodingUITests */,
			);
		};
/* End PBXProject section */

/* Begin PBXResourcesBuildPhase section */
		F71AC3A2273A97F0003DCDA7 /* Resources */ = {
			isa = PBXResourcesBuildPhase;
			buildActionMask = 2147483647;
			files = (
				F71AC3B4273A97F1003DCDA7 /* LaunchScreen.storyboard in Resources */,
				F71AC3B1273A97F1003DCDA7 /* Assets.xcassets in Resources */,
				F71AC3AF273A97F0003DCDA7 /* Main.storyboard in Resources */,
			);
			runOnlyForDeploymentPostprocessing = 0;
		};
		F71AC3B8273A97F1003DCDA7 /* Resources */ = {
			isa = PBXResourcesBuildPhase;
			buildActionMask = 2147483647;
			files = (
			);
			runOnlyForDeploymentPostprocessing = 0;
		};
		F71AC3C3273A97F1003DCDA7 /* Resources */ = {
			isa = PBXResourcesBuildPhase;
			buildActionMask = 2147483647;
			files = (
			);
			runOnlyForDeploymentPostprocessing = 0;
		};
/* End PBXResourcesBuildPhase section */

/* Begin PBXSourcesBuildPhase section */
		F71AC3A0273A97F0003DCDA7 /* Sources */ = {
			isa = PBXSourcesBuildPhase;
			buildActionMask = 2147483647;
			files = (
				F749F1F2273AE860002A7125 /* BaseViewController.swift in Sources */,
				F71AC3AC273A97F0003DCDA7 /* ViewController.swift in Sources */,
				F71AC3A8273A97F0003DCDA7 /* AppDelegate.swift in Sources */,
				F749F1EA273AE819002A7125 /* Constants_Error.swift in Sources */,
				F749F1E2273AE803002A7125 /* Constants.swift in Sources */,
			);
			runOnlyForDeploymentPostprocessing = 0;
		};
		F71AC3B6273A97F1003DCDA7 /* Sources */ = {
			isa = PBXSourcesBuildPhase;
			buildActionMask = 2147483647;
			files = (
				F71AC3BF273A97F1003DCDA7 /* AppleCodingTests.swift in Sources */,
			);
			runOnlyForDeploymentPostprocessing = 0;
		};
		F71AC3C1273A97F1003DCDA7 /* Sources */ = {
			isa = PBXSourcesBuildPhase;
			buildActionMask = 2147483647;
			files = (
				F71AC3CA273A97F1003DCDA7 /* AppleCodingUITests.swift in Sources */,
			);
			runOnlyForDeploymentPostprocessing = 0;
		};
/* End PBXSourcesBuildPhase section */

/* Begin PBXTargetDependency section */
		F71AC3BC273A97F1003DCDA7 /* PBXTargetDependency */ = {
			isa = PBXTargetDependency;
			target = F71AC3A3273A97F0003DCDA7 /* AppleCoding */;
			targetProxy = F71AC3BB273A97F1003DCDA7 /* PBXContainerItemProxy */;
		};
		F71AC3C7273A97F1003DCDA7 /* PBXTargetDependency */ = {
			isa = PBXTargetDependency;
			target = F71AC3A3273A97F0003DCDA7 /* AppleCoding */;
			targetProxy = F71AC3C6273A97F1003DCDA7 /* PBXContainerItemProxy */;
		};
/* End PBXTargetDependency section */

/* Begin PBXVariantGroup section */
		F71AC3AD273A97F0003DCDA7 /* Main.storyboard */ = {
			isa = PBXVariantGroup;
			children = (
				F71AC3AE273A97F0003DCDA7 /* Base */,
			);
			name = Main.storyboard;
			sourceTree = "<group>";
		};
		F71AC3B2273A97F1003DCDA7 /* LaunchScreen.storyboard */ = {
			isa = PBXVariantGroup;
			children = (
				F71AC3B3273A97F1003DCDA7 /* Base */,
			);
			name = LaunchScreen.storyboard;
			sourceTree = "<group>";
		};
/* End PBXVariantGroup section */

/* Begin XCBuildConfiguration section */
		F71AC3CC273A97F1003DCDA7 /* Debug */ = {
			isa = XCBuildConfiguration;
			buildSettings = {
				ALWAYS_SEARCH_USER_PATHS = NO;
				CLANG_ANALYZER_NONNULL = YES;
				CLANG_ANALYZER_NUMBER_OBJECT_CONVERSION = YES_AGGRESSIVE;
				CLANG_CXX_LANGUAGE_STANDARD = "gnu++14";
				CLANG_CXX_LIBRARY = "libc++";
				CLANG_ENABLE_MODULES = YES;
				CLANG_ENABLE_OBJC_ARC = YES;
				CLANG_ENABLE_OBJC_WEAK = YES;
				CLANG_WARN_BLOCK_CAPTURE_AUTORELEASING = YES;
				CLANG_WARN_BOOL_CONVERSION = YES;
				CLANG_WARN_COMMA = YES;
				CLANG_WARN_CONSTANT_CONVERSION = YES;
				CLANG_WARN_DEPRECATED_OBJC_IMPLEMENTATIONS = YES;
				CLANG_WARN_DIRECT_OBJC_ISA_USAGE = YES_ERROR;
				CLANG_WARN_DOCUMENTATION_COMMENTS = YES;
				CLANG_WARN_EMPTY_BODY = YES;
				CLANG_WARN_ENUM_CONVERSION = YES;
				CLANG_WARN_INFINITE_RECURSION = YES;
				CLANG_WARN_INT_CONVERSION = YES;
				CLANG_WARN_NON_LITERAL_NULL_CONVERSION = YES;
				CLANG_WARN_OBJC_IMPLICIT_RETAIN_SELF = YES;
				CLANG_WARN_OBJC_LITERAL_CONVERSION = YES;
				CLANG_WARN_OBJC_ROOT_CLASS = YES_ERROR;
				CLANG_WARN_QUOTED_INCLUDE_IN_FRAMEWORK_HEADER = YES;
				CLANG_WARN_RANGE_LOOP_ANALYSIS = YES;
				CLANG_WARN_STRICT_PROTOTYPES = YES;
				CLANG_WARN_SUSPICIOUS_MOVE = YES;
				CLANG_WARN_UNGUARDED_AVAILABILITY = YES_AGGRESSIVE;
				CLANG_WARN_UNREACHABLE_CODE = YES;
				CLANG_WARN__DUPLICATE_METHOD_MATCH = YES;
				COPY_PHASE_STRIP = NO;
				DEBUG_INFORMATION_FORMAT = dwarf;
				ENABLE_STRICT_OBJC_MSGSEND = YES;
				ENABLE_TESTABILITY = YES;
				GCC_C_LANGUAGE_STANDARD = gnu11;
				GCC_DYNAMIC_NO_PIC = NO;
				GCC_NO_COMMON_BLOCKS = YES;
				GCC_OPTIMIZATION_LEVEL = 0;
				GCC_PREPROCESSOR_DEFINITIONS = (
					"DEBUG=1",
					"$(inherited)",
				);
				GCC_WARN_64_TO_32_BIT_CONVERSION = YES;
				GCC_WARN_ABOUT_RETURN_TYPE = YES_ERROR;
				GCC_WARN_UNDECLARED_SELECTOR = YES;
				GCC_WARN_UNINITIALIZED_AUTOS = YES_AGGRESSIVE;
				GCC_WARN_UNUSED_FUNCTION = YES;
				GCC_WARN_UNUSED_VARIABLE = YES;
				IPHONEOS_DEPLOYMENT_TARGET = 14.3;
				MTL_ENABLE_DEBUG_INFO = INCLUDE_SOURCE;
				MTL_FAST_MATH = YES;
				ONLY_ACTIVE_ARCH = YES;
				SDKROOT = iphoneos;
				SWIFT_ACTIVE_COMPILATION_CONDITIONS = DEBUG;
				SWIFT_OPTIMIZATION_LEVEL = "-Onone";
			};
			name = Debug;
		};
		F71AC3CD273A97F1003DCDA7 /* Release */ = {
			isa = XCBuildConfiguration;
			buildSettings = {
				ALWAYS_SEARCH_USER_PATHS = NO;
				CLANG_ANALYZER_NONNULL = YES;
				CLANG_ANALYZER_NUMBER_OBJECT_CONVERSION = YES_AGGRESSIVE;
				CLANG_CXX_LANGUAGE_STANDARD = "gnu++14";
				CLANG_CXX_LIBRARY = "libc++";
				CLANG_ENABLE_MODULES = YES;
				CLANG_ENABLE_OBJC_ARC = YES;
				CLANG_ENABLE_OBJC_WEAK = YES;
				CLANG_WARN_BLOCK_CAPTURE_AUTORELEASING = YES;
				CLANG_WARN_BOOL_CONVERSION = YES;
				CLANG_WARN_COMMA = YES;
				CLANG_WARN_CONSTANT_CONVERSION = YES;
				CLANG_WARN_DEPRECATED_OBJC_IMPLEMENTATIONS = YES;
				CLANG_WARN_DIRECT_OBJC_ISA_USAGE = YES_ERROR;
				CLANG_WARN_DOCUMENTATION_COMMENTS = YES;
				CLANG_WARN_EMPTY_BODY = YES;
				CLANG_WARN_ENUM_CONVERSION = YES;
				CLANG_WARN_INFINITE_RECURSION = YES;
				CLANG_WARN_INT_CONVERSION = YES;
				CLANG_WARN_NON_LITERAL_NULL_CONVERSION = YES;
				CLANG_WARN_OBJC_IMPLICIT_RETAIN_SELF = YES;
				CLANG_WARN_OBJC_LITERAL_CONVERSION = YES;
				CLANG_WARN_OBJC_ROOT_CLASS = YES_ERROR;
				CLANG_WARN_QUOTED_INCLUDE_IN_FRAMEWORK_HEADER = YES;
				CLANG_WARN_RANGE_LOOP_ANALYSIS = YES;
				CLANG_WARN_STRICT_PROTOTYPES = YES;
				CLANG_WARN_SUSPICIOUS_MOVE = YES;
				CLANG_WARN_UNGUARDED_AVAILABILITY = YES_AGGRESSIVE;
				CLANG_WARN_UNREACHABLE_CODE = YES;
				CLANG_WARN__DUPLICATE_METHOD_MATCH = YES;
				COPY_PHASE_STRIP = NO;
				DEBUG_INFORMATION_FORMAT = "dwarf-with-dsym";
				ENABLE_NS_ASSERTIONS = NO;
				ENABLE_STRICT_OBJC_MSGSEND = YES;
				GCC_C_LANGUAGE_STANDARD = gnu11;
				GCC_NO_COMMON_BLOCKS = YES;
				GCC_WARN_64_TO_32_BIT_CONVERSION = YES;
				GCC_WARN_ABOUT_RETURN_TYPE = YES_ERROR;
				GCC_WARN_UNDECLARED_SELECTOR = YES;
				GCC_WARN_UNINITIALIZED_AUTOS = YES_AGGRESSIVE;
				GCC_WARN_UNUSED_FUNCTION = YES;
				GCC_WARN_UNUSED_VARIABLE = YES;
				IPHONEOS_DEPLOYMENT_TARGET = 14.3;
				MTL_ENABLE_DEBUG_INFO = NO;
				MTL_FAST_MATH = YES;
				SDKROOT = iphoneos;
				SWIFT_COMPILATION_MODE = wholemodule;
				SWIFT_OPTIMIZATION_LEVEL = "-O";
				VALIDATE_PRODUCT = YES;
			};
			name = Release;
		};
		F71AC3CF273A97F1003DCDA7 /* Debug */ = {
			isa = XCBuildConfiguration;
			buildSettings = {
				ASSETCATALOG_COMPILER_APPICON_NAME = AppIcon;
				ASSETCATALOG_COMPILER_GLOBAL_ACCENT_COLOR_NAME = AccentColor;
				CODE_SIGN_STYLE = Automatic;
				INFOPLIST_FILE = AppleCoding/App/Info.plist;
				LD_RUNPATH_SEARCH_PATHS = (
					"$(inherited)",
					"@executable_path/Frameworks",
				);
				PRODUCT_BUNDLE_IDENTIFIER = com.ios.AppleCoding;
				PRODUCT_NAME = "$(TARGET_NAME)";
				SWIFT_VERSION = 5.0;
				TARGETED_DEVICE_FAMILY = "1,2";
			};
			name = Debug;
		};
		F71AC3D0273A97F1003DCDA7 /* Release */ = {
			isa = XCBuildConfiguration;
			buildSettings = {
				ASSETCATALOG_COMPILER_APPICON_NAME = AppIcon;
				ASSETCATALOG_COMPILER_GLOBAL_ACCENT_COLOR_NAME = AccentColor;
				CODE_SIGN_STYLE = Automatic;
				INFOPLIST_FILE = AppleCoding/App/Info.plist;
				LD_RUNPATH_SEARCH_PATHS = (
					"$(inherited)",
					"@executable_path/Frameworks",
				);
				PRODUCT_BUNDLE_IDENTIFIER = com.ios.AppleCoding;
				PRODUCT_NAME = "$(TARGET_NAME)";
				SWIFT_VERSION = 5.0;
				TARGETED_DEVICE_FAMILY = "1,2";
			};
			name = Release;
		};
		F71AC3D2273A97F1003DCDA7 /* Debug */ = {
			isa = XCBuildConfiguration;
			buildSettings = {
				ALWAYS_EMBED_SWIFT_STANDARD_LIBRARIES = YES;
				BUNDLE_LOADER = "$(TEST_HOST)";
				CODE_SIGN_STYLE = Automatic;
				INFOPLIST_FILE = AppleCodingTests/Info.plist;
				IPHONEOS_DEPLOYMENT_TARGET = 14.3;
				LD_RUNPATH_SEARCH_PATHS = (
					"$(inherited)",
					"@executable_path/Frameworks",
					"@loader_path/Frameworks",
				);
				PRODUCT_BUNDLE_IDENTIFIER = com.ios.AppleCodingTests;
				PRODUCT_NAME = "$(TARGET_NAME)";
				SWIFT_VERSION = 5.0;
				TARGETED_DEVICE_FAMILY = "1,2";
				TEST_HOST = "$(BUILT_PRODUCTS_DIR)/AppleCoding.app/AppleCoding";
			};
			name = Debug;
		};
		F71AC3D3273A97F1003DCDA7 /* Release */ = {
			isa = XCBuildConfiguration;
			buildSettings = {
				ALWAYS_EMBED_SWIFT_STANDARD_LIBRARIES = YES;
				BUNDLE_LOADER = "$(TEST_HOST)";
				CODE_SIGN_STYLE = Automatic;
				INFOPLIST_FILE = AppleCodingTests/Info.plist;
				IPHONEOS_DEPLOYMENT_TARGET = 14.3;
				LD_RUNPATH_SEARCH_PATHS = (
					"$(inherited)",
					"@executable_path/Frameworks",
					"@loader_path/Frameworks",
				);
				PRODUCT_BUNDLE_IDENTIFIER = com.ios.AppleCodingTests;
				PRODUCT_NAME = "$(TARGET_NAME)";
				SWIFT_VERSION = 5.0;
				TARGETED_DEVICE_FAMILY = "1,2";
				TEST_HOST = "$(BUILT_PRODUCTS_DIR)/AppleCoding.app/AppleCoding";
			};
			name = Release;
		};
		F71AC3D5273A97F1003DCDA7 /* Debug */ = {
			isa = XCBuildConfiguration;
			buildSettings = {
				ALWAYS_EMBED_SWIFT_STANDARD_LIBRARIES = YES;
				CODE_SIGN_STYLE = Automatic;
				INFOPLIST_FILE = AppleCodingUITests/Info.plist;
				LD_RUNPATH_SEARCH_PATHS = (
					"$(inherited)",
					"@executable_path/Frameworks",
					"@loader_path/Frameworks",
				);
				PRODUCT_BUNDLE_IDENTIFIER = com.ios.AppleCodingUITests;
				PRODUCT_NAME = "$(TARGET_NAME)";
				SWIFT_VERSION = 5.0;
				TARGETED_DEVICE_FAMILY = "1,2";
				TEST_TARGET_NAME = AppleCoding;
			};
			name = Debug;
		};
		F71AC3D6273A97F1003DCDA7 /* Release */ = {
			isa = XCBuildConfiguration;
			buildSettings = {
				ALWAYS_EMBED_SWIFT_STANDARD_LIBRARIES = YES;
				CODE_SIGN_STYLE = Automatic;
				INFOPLIST_FILE = AppleCodingUITests/Info.plist;
				LD_RUNPATH_SEARCH_PATHS = (
					"$(inherited)",
					"@executable_path/Frameworks",
					"@loader_path/Frameworks",
				);
				PRODUCT_BUNDLE_IDENTIFIER = com.ios.AppleCodingUITests;
				PRODUCT_NAME = "$(TARGET_NAME)";
				SWIFT_VERSION = 5.0;
				TARGETED_DEVICE_FAMILY = "1,2";
				TEST_TARGET_NAME = AppleCoding;
			};
			name = Release;
		};
/* End XCBuildConfiguration section */

/* Begin XCConfigurationList section */
		F71AC39F273A97F0003DCDA7 /* Build configuration list for PBXProject "AppleCoding" */ = {
			isa = XCConfigurationList;
			buildConfigurations = (
				F71AC3CC273A97F1003DCDA7 /* Debug */,
				F71AC3CD273A97F1003DCDA7 /* Release */,
			);
			defaultConfigurationIsVisible = 0;
			defaultConfigurationName = Release;
		};
		F71AC3CE273A97F1003DCDA7 /* Build configuration list for PBXNativeTarget "AppleCoding" */ = {
			isa = XCConfigurationList;
			buildConfigurations = (
				F71AC3CF273A97F1003DCDA7 /* Debug */,
				F71AC3D0273A97F1003DCDA7 /* Release */,
			);
			defaultConfigurationIsVisible = 0;
			defaultConfigurationName = Release;
		};
		F71AC3D1273A97F1003DCDA7 /* Build configuration list for PBXNativeTarget "AppleCodingTests" */ = {
			isa = XCConfigurationList;
			buildConfigurations = (
				F71AC3D2273A97F1003DCDA7 /* Debug */,
				F71AC3D3273A97F1003DCDA7 /* Release */,
			);
			defaultConfigurationIsVisible = 0;
			defaultConfigurationName = Release;
		};
		F71AC3D4273A97F1003DCDA7 /* Build configuration list for PBXNativeTarget "AppleCodingUITests" */ = {
			isa = XCConfigurationList;
			buildConfigurations = (
				F71AC3D5273A97F1003DCDA7 /* Debug */,
				F71AC3D6273A97F1003DCDA7 /* Release */,
			);
			defaultConfigurationIsVisible = 0;
			defaultConfigurationName = Release;
		};
/* End XCConfigurationList section */
	};
	rootObject = F71AC39C273A97F0003DCDA7 /* Project object */;
}
